
Microsoft Visual Studio Solution File, Format Version 12.00
# Visual Studio Version 17
VisualStudioVersion = 17.10.35027.167
MinimumVisualStudioVersion = 10.0.40219.1
Project("{9A19103F-16F7-4668-BE54-9A1E7A4F7556}") = "Demographic", "Demographic.csproj", "{D242BE59-4447-4E6B-9B65-BE9E24D5EA93}"
EndProject
Project("{FAE04EC0-301F-11D3-BF4B-00C04F79EFBC}") = "Demographic.FileOperations", "..\Demographic.FileOperations\Demographic.FileOperations.csproj", "{3FB5E1E3-4B1F-48D7-BBA1-9CAA119B0567}"
EndProject
Project("{FAE04EC0-301F-11D3-BF4B-00C04F79EFBC}") = "Demographic.Exec", "..\Demographic.Exec\Demographic.Exec.csproj", "{5ED3730C-A525-4C25-93C0-DFCE75374459}"
EndProject
Global
	GlobalSection(SolutionConfigurationPlatforms) = preSolution
		Debug|Any CPU = Debug|Any CPU
		Release|Any CPU = Release|Any CPU
	EndGlobalSection
	GlobalSection(ProjectConfigurationPlatforms) = postSolution
		{D242BE59-4447-4E6B-9B65-BE9E24D5EA93}.Debug|Any CPU.ActiveCfg = Debug|Any CPU
		{D242BE59-4447-4E6B-9B65-BE9E24D5EA93}.Debug|Any CPU.Build.0 = Debug|Any CPU
		{D242BE59-4447-4E6B-9B65-BE9E24D5EA93}.Release|Any CPU.ActiveCfg = Release|Any CPU
		{D242BE59-4447-4E6B-9B65-BE9E24D5EA93}.Release|Any CPU.Build.0 = Release|Any CPU
		{3FB5E1E3-4B1F-48D7-BBA1-9CAA119B0567}.Debug|Any CPU.ActiveCfg = Debug|Any CPU
		{3FB5E1E3-4B1F-48D7-BBA1-9CAA119B0567}.Debug|Any CPU.Build.0 = Debug|Any CPU
		{3FB5E1E3-4B1F-48D7-BBA1-9CAA119B0567}.Release|Any CPU.ActiveCfg = Release|Any CPU
		{3FB5E1E3-4B1F-48D7-BBA1-9CAA119B0567}.Release|Any CPU.Build.0 = Release|Any CPU
		{5ED3730C-A525-4C25-93C0-DFCE75374459}.Debug|Any CPU.ActiveCfg = Debug|Any CPU
		{5ED3730C-A525-4C25-93C0-DFCE75374459}.Debug|Any CPU.Build.0 = Debug|Any CPU
		{5ED3730C-A525-4C25-93C0-DFCE75374459}.Release|Any CPU.ActiveCfg = Release|Any CPU
		{5ED3730C-A525-4C25-93C0-DFCE75374459}.Release|Any CPU.Build.0 = Release|Any CPU
	EndGlobalSection
	GlobalSection(SolutionProperties) = preSolution
		HideSolutionNode = FALSE
	EndGlobalSection
	GlobalSection(ExtensibilityGlobals) = postSolution
		SolutionGuid = {B10E97DB-3276-4729-9DB2-3E778C715607}
	EndGlobalSection
EndGlobal
